
Microsoft Visual Studio Solution File, Format Version 12.00
# Visual Studio 2013
VisualStudioVersion = 12.0.30110.0
MinimumVisualStudioVersion = 10.0.40219.1
Project("{FAE04EC0-301F-11D3-BF4B-00C04F79EFBC}") = "Wep API route tests", "Wep API route tests\Wep API route tests.csproj", "{C7C3DF64-D7BF-46A0-8600-5DA921310F48}"
EndProject
Project("{FAE04EC0-301F-11D3-BF4B-00C04F79EFBC}") = "UnitTests", "UnitTests\UnitTests.csproj", "{62544883-8A11-4962-BE1E-502FA7B906D1}"
EndProject
Global
	GlobalSection(SolutionConfigurationPlatforms) = preSolution
		Debug|Any CPU = Debug|Any CPU
		Release|Any CPU = Release|Any CPU
	EndGlobalSection
	GlobalSection(ProjectConfigurationPlatforms) = postSolution
		{C7C3DF64-D7BF-46A0-8600-5DA921310F48}.Debug|Any CPU.ActiveCfg = Debug|Any CPU
		{C7C3DF64-D7BF-46A0-8600-5DA921310F48}.Debug|Any CPU.Build.0 = Debug|Any CPU
		{C7C3DF64-D7BF-46A0-8600-5DA921310F48}.Release|Any CPU.ActiveCfg = Release|Any CPU
		{C7C3DF64-D7BF-46A0-8600-5DA921310F48}.Release|Any CPU.Build.0 = Release|Any CPU
		{62544883-8A11-4962-BE1E-502FA7B906D1}.Debug|Any CPU.ActiveCfg = Debug|Any CPU
		{62544883-8A11-4962-BE1E-502FA7B906D1}.Debug|Any CPU.Build.0 = Debug|Any CPU
		{62544883-8A11-4962-BE1E-502FA7B906D1}.Release|Any CPU.ActiveCfg = Release|Any CPU
		{62544883-8A11-4962-BE1E-502FA7B906D1}.Release|Any CPU.Build.0 = Release|Any CPU
	EndGlobalSection
	GlobalSection(SolutionProperties) = preSolution
		HideSolutionNode = FALSE
	EndGlobalSection
EndGlobal
